
Microsoft Visual Studio Solution File, Format Version 12.00
# Visual Studio Version 16
VisualStudioVersion = 16.0.30804.86
MinimumVisualStudioVersion = 10.0.40219.1
Project("{FAE04EC0-301F-11D3-BF4B-00C04F79EFBC}") = "Utils.Web.API", "Utils.Web.API\Utils.Web.API.csproj", "{4E1C1492-575B-4D5A-8EC2-26704A55484C}"
EndProject
Project("{FAE04EC0-301F-11D3-BF4B-00C04F79EFBC}") = "Utils.Common", "Utils.Common\Utils.Common.csproj", "{788550AD-9CBD-4E5A-9870-988234298FA5}"
EndProject
Global
	GlobalSection(SolutionConfigurationPlatforms) = preSolution
		Debug|Any CPU = Debug|Any CPU
		Release|Any CPU = Release|Any CPU
	EndGlobalSection
	GlobalSection(ProjectConfigurationPlatforms) = postSolution
		{4E1C1492-575B-4D5A-8EC2-26704A55484C}.Debug|Any CPU.ActiveCfg = Debug|Any CPU
		{4E1C1492-575B-4D5A-8EC2-26704A55484C}.Debug|Any CPU.Build.0 = Debug|Any CPU
		{4E1C1492-575B-4D5A-8EC2-26704A55484C}.Release|Any CPU.ActiveCfg = Release|Any CPU
		{4E1C1492-575B-4D5A-8EC2-26704A55484C}.Release|Any CPU.Build.0 = Release|Any CPU
		{788550AD-9CBD-4E5A-9870-988234298FA5}.Debug|Any CPU.ActiveCfg = Debug|Any CPU
		{788550AD-9CBD-4E5A-9870-988234298FA5}.Debug|Any CPU.Build.0 = Debug|Any CPU
		{788550AD-9CBD-4E5A-9870-988234298FA5}.Release|Any CPU.ActiveCfg = Release|Any CPU
		{788550AD-9CBD-4E5A-9870-988234298FA5}.Release|Any CPU.Build.0 = Release|Any CPU
	EndGlobalSection
	GlobalSection(SolutionProperties) = preSolution
		HideSolutionNode = FALSE
	EndGlobalSection
	GlobalSection(ExtensibilityGlobals) = postSolution
		SolutionGuid = {1B79C6F5-5C6E-473D-A903-EF86DDEFEB2D}
	EndGlobalSection
EndGlobal
